
Microsoft Visual Studio Solution File, Format Version 12.00
# Visual Studio Version 17
VisualStudioVersion = 17.12.35527.113 d17.12
MinimumVisualStudioVersion = 10.0.40219.1
Project("{FAE04EC0-301F-11D3-BF4B-00C04F79EFBC}") = "Daniela_Dimitrova_11zh", "Daniela_Dimitrova_11zh.csproj", "{078747B2-FA1F-4FCC-8922-5DBCB9D6BF99}"
EndProject
Project("{FAE04EC0-301F-11D3-BF4B-00C04F79EFBC}") = "Daniela_Dimitrova.Test", "..\Daniela_Dimitrova.Test\Daniela_Dimitrova.Test.csproj", "{40B75BAC-8578-45EC-A5B6-410D27BAD979}"
EndProject
Global
	GlobalSection(SolutionConfigurationPlatforms) = preSolution
		Debug|Any CPU = Debug|Any CPU
		Release|Any CPU = Release|Any CPU
	EndGlobalSection
	GlobalSection(ProjectConfigurationPlatforms) = postSolution
		{078747B2-FA1F-4FCC-8922-5DBCB9D6BF99}.Debug|Any CPU.ActiveCfg = Debug|Any CPU
		{078747B2-FA1F-4FCC-8922-5DBCB9D6BF99}.Debug|Any CPU.Build.0 = Debug|Any CPU
		{078747B2-FA1F-4FCC-8922-5DBCB9D6BF99}.Release|Any CPU.ActiveCfg = Release|Any CPU
		{078747B2-FA1F-4FCC-8922-5DBCB9D6BF99}.Release|Any CPU.Build.0 = Release|Any CPU
		{40B75BAC-8578-45EC-A5B6-410D27BAD979}.Debug|Any CPU.ActiveCfg = Debug|Any CPU
		{40B75BAC-8578-45EC-A5B6-410D27BAD979}.Debug|Any CPU.Build.0 = Debug|Any CPU
		{40B75BAC-8578-45EC-A5B6-410D27BAD979}.Release|Any CPU.ActiveCfg = Release|Any CPU
		{40B75BAC-8578-45EC-A5B6-410D27BAD979}.Release|Any CPU.Build.0 = Release|Any CPU
	EndGlobalSection
	GlobalSection(SolutionProperties) = preSolution
		HideSolutionNode = FALSE
	EndGlobalSection
EndGlobal
